
Microsoft Visual Studio Solution File, Format Version 12.00
# Visual Studio Version 17
VisualStudioVersion = 17.5.33516.290
MinimumVisualStudioVersion = 10.0.40219.1
Project("{9A19103F-16F7-4668-BE54-9A1E7A4F7556}") = "26-04", "26-04\26-04.csproj", "{450F0B77-3F9C-4F47-B93D-3190F8F47BEB}"
EndProject
Global
	GlobalSection(SolutionConfigurationPlatforms) = preSolution
		Debug|Any CPU = Debug|Any CPU
		Release|Any CPU = Release|Any CPU
	EndGlobalSection
	GlobalSection(ProjectConfigurationPlatforms) = postSolution
		{450F0B77-3F9C-4F47-B93D-3190F8F47BEB}.Debug|Any CPU.ActiveCfg = Debug|Any CPU
		{450F0B77-3F9C-4F47-B93D-3190F8F47BEB}.Debug|Any CPU.Build.0 = Debug|Any CPU
		{450F0B77-3F9C-4F47-B93D-3190F8F47BEB}.Release|Any CPU.ActiveCfg = Release|Any CPU
		{450F0B77-3F9C-4F47-B93D-3190F8F47BEB}.Release|Any CPU.Build.0 = Release|Any CPU
	EndGlobalSection
	GlobalSection(SolutionProperties) = preSolution
		HideSolutionNode = FALSE
	EndGlobalSection
	GlobalSection(ExtensibilityGlobals) = postSolution
		SolutionGuid = {D904BC9B-37A1-4F95-8FDC-2AFDD487472D}
	EndGlobalSection
EndGlobal
